// !$*UTF8*$!
{
	archiveVersion = 1;
	classes = {
	};
	objectVersion = 46;
	objects = {

/* Begin PBXBuildFile section */
		AC262D5615C8074C0093134C /* UIKit.framework in Frameworks */ = {isa = PBXBuildFile; fileRef = AC262D5515C8074C0093134C /* UIKit.framework */; };
		AC262D5815C8074C0093134C /* Foundation.framework in Frameworks */ = {isa = PBXBuildFile; fileRef = AC262D5715C8074C0093134C /* Foundation.framework */; };
		AC262D5A15C8074C0093134C /* CoreGraphics.framework in Frameworks */ = {isa = PBXBuildFile; fileRef = AC262D5915C8074C0093134C /* CoreGraphics.framework */; };
		AC262D6015C8074C0093134C /* InfoPlist.strings in Resources */ = {isa = PBXBuildFile; fileRef = AC262D5E15C8074C0093134C /* InfoPlist.strings */; };
		AC262D6215C8074C0093134C /* main.m in Sources */ = {isa = PBXBuildFile; fileRef = AC262D6115C8074C0093134C /* main.m */; };
		AC262D6615C8074C0093134C /* AppDelegate.m in Sources */ = {isa = PBXBuildFile; fileRef = AC262D6515C8074C0093134C /* AppDelegate.m */; };
		AC262D6915C8074C0093134C /* MainStoryboard_iPhone.storyboard in Resources */ = {isa = PBXBuildFile; fileRef = AC262D6715C8074C0093134C /* MainStoryboard_iPhone.storyboard */; };
		AC262D6C15C8074C0093134C /* MainStoryboard_iPad.storyboard in Resources */ = {isa = PBXBuildFile; fileRef = AC262D6A15C8074C0093134C /* MainStoryboard_iPad.storyboard */; };
		AC262D6F15C8074C0093134C /* FirstViewController.m in Sources */ = {isa = PBXBuildFile; fileRef = AC262D6E15C8074C0093134C /* FirstViewController.m */; };
		AC262D7115C8074C0093134C /* first.png in Resources */ = {isa = PBXBuildFile; fileRef = AC262D7015C8074C0093134C /* first.png */; };
		AC262D7315C8074C0093134C /* first@2x.png in Resources */ = {isa = PBXBuildFile; fileRef = AC262D7215C8074C0093134C /* first@2x.png */; };
		AC262D7615C8074C0093134C /* SecondViewController.m in Sources */ = {isa = PBXBuildFile; fileRef = AC262D7515C8074C0093134C /* SecondViewController.m */; };
		AC262D7815C8074C0093134C /* second.png in Resources */ = {isa = PBXBuildFile; fileRef = AC262D7715C8074C0093134C /* second.png */; };
		AC262D7A15C8074C0093134C /* second@2x.png in Resources */ = {isa = PBXBuildFile; fileRef = AC262D7915C8074C0093134C /* second@2x.png */; };
		AC262D8215C8074D0093134C /* SenTestingKit.framework in Frameworks */ = {isa = PBXBuildFile; fileRef = AC262D8115C8074D0093134C /* SenTestingKit.framework */; };
		AC262D8315C8074D0093134C /* UIKit.framework in Frameworks */ = {isa = PBXBuildFile; fileRef = AC262D5515C8074C0093134C /* UIKit.framework */; };
		AC262D8415C8074D0093134C /* Foundation.framework in Frameworks */ = {isa = PBXBuildFile; fileRef = AC262D5715C8074C0093134C /* Foundation.framework */; };
		AC262D8C15C8074D0093134C /* InfoPlist.strings in Resources */ = {isa = PBXBuildFile; fileRef = AC262D8A15C8074D0093134C /* InfoPlist.strings */; };
		AC262D8F15C8074D0093134C /* dragAndDropTestTests.m in Sources */ = {isa = PBXBuildFile; fileRef = AC262D8E15C8074D0093134C /* dragAndDropTestTests.m */; };
		AC262D9B15C80BD70093134C /* DragDropManager.m in Sources */ = {isa = PBXBuildFile; fileRef = AC262D9A15C80BD70093134C /* DragDropManager.m */; };
		AC262D9E15C80D180093134C /* DragContext.m in Sources */ = {isa = PBXBuildFile; fileRef = AC262D9D15C80D180093134C /* DragContext.m */; };
		AC262DA115C814B60093134C /* NSArray+Indexing.m in Sources */ = {isa = PBXBuildFile; fileRef = AC262DA015C814B60093134C /* NSArray+Indexing.m */; };
		AC393BF115CFE1D40043D2AB /* UIScrollViewDelegate.m in Sources */ = {isa = PBXBuildFile; fileRef = AC393BF015CFE1D40043D2AB /* UIScrollViewDelegate.m */; };
		AC6E630F15D3FB3400CB309C /* ThirdViewController.m in Sources */ = {isa = PBXBuildFile; fileRef = AC6E630E15D3FB3400CB309C /* ThirdViewController.m */; };
		AC6E631315D3FEF100CB309C /* DragDropManager2.m in Sources */ = {isa = PBXBuildFile; fileRef = AC6E631215D3FEF100CB309C /* DragDropManager2.m */; };
		AC7DC3A415D6B0B600FAFB67 /* pngTest.png in Resources */ = {isa = PBXBuildFile; fileRef = AC7DC3A215D6B0B600FAFB67 /* pngTest.png */; };
		AC97237C15D6F91F009651E2 /* CGPathAdditions.m in Sources */ = {isa = PBXBuildFile; fileRef = AC9722E315D6F91E009651E2 /* CGPathAdditions.m */; settings = {COMPILER_FLAGS = "-fno-objc-arc"; }; };
		AC97237D15D6F91F009651E2 /* SVGGradientElement.m in Sources */ = {isa = PBXBuildFile; fileRef = AC9722E615D6F91E009651E2 /* SVGGradientElement.m */; settings = {COMPILER_FLAGS = "-fno-objc-arc"; }; };
		AC97237E15D6F91F009651E2 /* SVGGradientStop.m in Sources */ = {isa = PBXBuildFile; fileRef = AC9722E815D6F91E009651E2 /* SVGGradientStop.m */; settings = {COMPILER_FLAGS = "-fno-objc-arc"; }; };
		AC97237F15D6F91F009651E2 /* SVGStyleElement.m in Sources */ = {isa = PBXBuildFile; fileRef = AC9722EB15D6F91E009651E2 /* SVGStyleElement.m */; settings = {COMPILER_FLAGS = "-fno-objc-arc"; }; };
		AC97238015D6F91F009651E2 /* SVGParserGradient.m in Sources */ = {isa = PBXBuildFile; fileRef = AC9722EE15D6F91E009651E2 /* SVGParserGradient.m */; settings = {COMPILER_FLAGS = "-fno-objc-arc"; }; };
		AC97238115D6F91F009651E2 /* SVGParserStyles.m in Sources */ = {isa = PBXBuildFile; fileRef = AC9722F015D6F91E009651E2 /* SVGParserStyles.m */; settings = {COMPILER_FLAGS = "-fno-objc-arc"; }; };
		AC97238215D6F91F009651E2 /* SVGCircleElement.m in Sources */ = {isa = PBXBuildFile; fileRef = AC9722F215D6F91E009651E2 /* SVGCircleElement.m */; settings = {COMPILER_FLAGS = "-fno-objc-arc"; }; };
		AC97238315D6F91F009651E2 /* SVGDefsElement.m in Sources */ = {isa = PBXBuildFile; fileRef = AC9722F415D6F91E009651E2 /* SVGDefsElement.m */; settings = {COMPILER_FLAGS = "-fno-objc-arc"; }; };
		AC97238415D6F91F009651E2 /* SVGDescriptionElement.m in Sources */ = {isa = PBXBuildFile; fileRef = AC9722F615D6F91E009651E2 /* SVGDescriptionElement.m */; settings = {COMPILER_FLAGS = "-fno-objc-arc"; }; };
		AC97238515D6F91F009651E2 /* SVGDocument+CA.m in Sources */ = {isa = PBXBuildFile; fileRef = AC9722F815D6F91E009651E2 /* SVGDocument+CA.m */; settings = {COMPILER_FLAGS = "-fno-objc-arc"; }; };
		AC97238615D6F91F009651E2 /* SVGDocument.m in Sources */ = {isa = PBXBuildFile; fileRef = AC9722FA15D6F91E009651E2 /* SVGDocument.m */; settings = {COMPILER_FLAGS = "-fno-objc-arc"; }; };
		AC97238715D6F91F009651E2 /* SVGElement.m in Sources */ = {isa = PBXBuildFile; fileRef = AC9722FD15D6F91E009651E2 /* SVGElement.m */; settings = {COMPILER_FLAGS = "-fno-objc-arc"; }; };
		AC97238815D6F91F009651E2 /* SVGEllipseElement.m in Sources */ = {isa = PBXBuildFile; fileRef = AC9722FF15D6F91E009651E2 /* SVGEllipseElement.m */; settings = {COMPILER_FLAGS = "-fno-objc-arc"; }; };
		AC97238915D6F91F009651E2 /* SVGGroupElement.m in Sources */ = {isa = PBXBuildFile; fileRef = AC97230115D6F91E009651E2 /* SVGGroupElement.m */; settings = {COMPILER_FLAGS = "-fno-objc-arc"; }; };
		AC97238A15D6F91F009651E2 /* SVGImageElement.m in Sources */ = {isa = PBXBuildFile; fileRef = AC97230315D6F91E009651E2 /* SVGImageElement.m */; settings = {COMPILER_FLAGS = "-fno-objc-arc"; }; };
		AC97238B15D6F91F009651E2 /* SVGLineElement.m in Sources */ = {isa = PBXBuildFile; fileRef = AC97230715D6F91E009651E2 /* SVGLineElement.m */; settings = {COMPILER_FLAGS = "-fno-objc-arc"; }; };
		AC97238C15D6F91F009651E2 /* SVGParser.m in Sources */ = {isa = PBXBuildFile; fileRef = AC97230915D6F91E009651E2 /* SVGParser.m */; settings = {COMPILER_FLAGS = "-fno-objc-arc"; }; };
		AC97238D15D6F91F009651E2 /* SVGParserSVG.m in Sources */ = {isa = PBXBuildFile; fileRef = AC97230B15D6F91E009651E2 /* SVGParserSVG.m */; settings = {COMPILER_FLAGS = "-fno-objc-arc"; }; };
		AC97238E15D6F91F009651E2 /* SVGPathElement.m in Sources */ = {isa = PBXBuildFile; fileRef = AC97230D15D6F91E009651E2 /* SVGPathElement.m */; settings = {COMPILER_FLAGS = "-fno-objc-arc"; }; };
		AC97238F15D6F91F009651E2 /* SVGPattern.m in Sources */ = {isa = PBXBuildFile; fileRef = AC97230F15D6F91E009651E2 /* SVGPattern.m */; settings = {COMPILER_FLAGS = "-fno-objc-arc"; }; };
		AC97239015D6F91F009651E2 /* SVGPointsAndPathsParser.m in Sources */ = {isa = PBXBuildFile; fileRef = AC97231115D6F91E009651E2 /* SVGPointsAndPathsParser.m */; settings = {COMPILER_FLAGS = "-fno-objc-arc"; }; };
		AC97239115D6F91F009651E2 /* SVGPolygonElement.m in Sources */ = {isa = PBXBuildFile; fileRef = AC97231315D6F91E009651E2 /* SVGPolygonElement.m */; settings = {COMPILER_FLAGS = "-fno-objc-arc"; }; };
		AC97239215D6F91F009651E2 /* SVGPolylineElement.m in Sources */ = {isa = PBXBuildFile; fileRef = AC97231515D6F91E009651E2 /* SVGPolylineElement.m */; settings = {COMPILER_FLAGS = "-fno-objc-arc"; }; };
		AC97239315D6F91F009651E2 /* SVGRectElement.m in Sources */ = {isa = PBXBuildFile; fileRef = AC97231715D6F91E009651E2 /* SVGRectElement.m */; settings = {COMPILER_FLAGS = "-fno-objc-arc"; }; };
		AC97239415D6F91F009651E2 /* SVGShapeElement.m in Sources */ = {isa = PBXBuildFile; fileRef = AC97231A15D6F91E009651E2 /* SVGShapeElement.m */; settings = {COMPILER_FLAGS = "-fno-objc-arc"; }; };
		AC97239515D6F91F009651E2 /* SVGTextElement.m in Sources */ = {isa = PBXBuildFile; fileRef = AC97231C15D6F91E009651E2 /* SVGTextElement.m */; settings = {COMPILER_FLAGS = "-fno-objc-arc"; }; };
		AC97239615D6F91F009651E2 /* SVGTitleElement.m in Sources */ = {isa = PBXBuildFile; fileRef = AC97231E15D6F91E009651E2 /* SVGTitleElement.m */; settings = {COMPILER_FLAGS = "-fno-objc-arc"; }; };
		AC97239715D6F91F009651E2 /* SVGUtils.m in Sources */ = {isa = PBXBuildFile; fileRef = AC97232015D6F91E009651E2 /* SVGUtils.m */; settings = {COMPILER_FLAGS = "-fno-objc-arc"; }; };
		AC97239815D6F91F009651E2 /* CALayerWithChildHitTest.m in Sources */ = {isa = PBXBuildFile; fileRef = AC97232315D6F91E009651E2 /* CALayerWithChildHitTest.m */; settings = {COMPILER_FLAGS = "-fno-objc-arc"; }; };
		AC97239915D6F91F009651E2 /* CAShapeLayerWithHitTest.m in Sources */ = {isa = PBXBuildFile; fileRef = AC97232515D6F91E009651E2 /* CAShapeLayerWithHitTest.m */; settings = {COMPILER_FLAGS = "-fno-objc-arc"; }; };
		AC97239A15D6F91F009651E2 /* SVGDocumentView.m in Sources */ = {isa = PBXBuildFile; fileRef = AC97232715D6F91E009651E2 /* SVGDocumentView.m */; settings = {COMPILER_FLAGS = "-fno-objc-arc"; }; };
		AC97239B15D6F91F009651E2 /* SVGPathView.m in Sources */ = {isa = PBXBuildFile; fileRef = AC97232915D6F91E009651E2 /* SVGPathView.m */; settings = {COMPILER_FLAGS = "-fno-objc-arc"; }; };
		AC97239C15D6F91F009651E2 /* SVGView.m in Sources */ = {isa = PBXBuildFile; fileRef = AC97232B15D6F91E009651E2 /* SVGView.m */; settings = {COMPILER_FLAGS = "-fno-objc-arc"; }; };
		AC9723D415D6FA7E009651E2 /* libxml2.dylib in Frameworks */ = {isa = PBXBuildFile; fileRef = AC9723D315D6FA7E009651E2 /* libxml2.dylib */; };
		AC9723D615D6FABE009651E2 /* QuartzCore.framework in Frameworks */ = {isa = PBXBuildFile; fileRef = AC9723D515D6FABE009651E2 /* QuartzCore.framework */; };
		AC9723D815D6FD23009651E2 /* svgTest.svg in Resources */ = {isa = PBXBuildFile; fileRef = AC9723D715D6FD23009651E2 /* svgTest.svg */; };
		AC9723DE15D70136009651E2 /* svgTest_k.svg in Resources */ = {isa = PBXBuildFile; fileRef = AC9723DD15D70136009651E2 /* svgTest_k.svg */; };
/* End PBXBuildFile section */

/* Begin PBXContainerItemProxy section */
		AC262D8515C8074D0093134C /* PBXContainerItemProxy */ = {
			isa = PBXContainerItemProxy;
			containerPortal = AC262D4815C8074C0093134C /* Project object */;
			proxyType = 1;
			remoteGlobalIDString = AC262D5015C8074C0093134C;
			remoteInfo = dragAndDropTest;
		};
/* End PBXContainerItemProxy section */

/* Begin PBXFileReference section */
		AC262D5115C8074C0093134C /* dragAndDropTest.app */ = {isa = PBXFileReference; explicitFileType = wrapper.application; includeInIndex = 0; path = dragAndDropTest.app; sourceTree = BUILT_PRODUCTS_DIR; };
		AC262D5515C8074C0093134C /* UIKit.framework */ = {isa = PBXFileReference; lastKnownFileType = wrapper.framework; name = UIKit.framework; path = System/Library/Frameworks/UIKit.framework; sourceTree = SDKROOT; };
		AC262D5715C8074C0093134C /* Foundation.framework */ = {isa = PBXFileReference; lastKnownFileType = wrapper.framework; name = Foundation.framework; path = System/Library/Frameworks/Foundation.framework; sourceTree = SDKROOT; };
		AC262D5915C8074C0093134C /* CoreGraphics.framework */ = {isa = PBXFileReference; lastKnownFileType = wrapper.framework; name = CoreGraphics.framework; path = System/Library/Frameworks/CoreGraphics.framework; sourceTree = SDKROOT; };
		AC262D5D15C8074C0093134C /* dragAndDropTest-Info.plist */ = {isa = PBXFileReference; lastKnownFileType = text.plist.xml; path = "dragAndDropTest-Info.plist"; sourceTree = "<group>"; };
		AC262D5F15C8074C0093134C /* en */ = {isa = PBXFileReference; lastKnownFileType = text.plist.strings; name = en; path = en.lproj/InfoPlist.strings; sourceTree = "<group>"; };
		AC262D6115C8074C0093134C /* main.m */ = {isa = PBXFileReference; lastKnownFileType = sourcecode.c.objc; path = main.m; sourceTree = "<group>"; };
		AC262D6315C8074C0093134C /* dragAndDropTest-Prefix.pch */ = {isa = PBXFileReference; lastKnownFileType = sourcecode.c.h; path = "dragAndDropTest-Prefix.pch"; sourceTree = "<group>"; };
		AC262D6415C8074C0093134C /* AppDelegate.h */ = {isa = PBXFileReference; lastKnownFileType = sourcecode.c.h; path = AppDelegate.h; sourceTree = "<group>"; };
		AC262D6515C8074C0093134C /* AppDelegate.m */ = {isa = PBXFileReference; lastKnownFileType = sourcecode.c.objc; path = AppDelegate.m; sourceTree = "<group>"; };
		AC262D6815C8074C0093134C /* en */ = {isa = PBXFileReference; lastKnownFileType = file.storyboard; name = en; path = en.lproj/MainStoryboard_iPhone.storyboard; sourceTree = "<group>"; };
		AC262D6B15C8074C0093134C /* en */ = {isa = PBXFileReference; lastKnownFileType = file.storyboard; name = en; path = en.lproj/MainStoryboard_iPad.storyboard; sourceTree = "<group>"; };
		AC262D6D15C8074C0093134C /* FirstViewController.h */ = {isa = PBXFileReference; lastKnownFileType = sourcecode.c.h; path = FirstViewController.h; sourceTree = "<group>"; };
		AC262D6E15C8074C0093134C /* FirstViewController.m */ = {isa = PBXFileReference; lastKnownFileType = sourcecode.c.objc; path = FirstViewController.m; sourceTree = "<group>"; };
		AC262D7015C8074C0093134C /* first.png */ = {isa = PBXFileReference; lastKnownFileType = image.png; path = first.png; sourceTree = "<group>"; };
		AC262D7215C8074C0093134C /* first@2x.png */ = {isa = PBXFileReference; lastKnownFileType = image.png; path = "first@2x.png"; sourceTree = "<group>"; };
		AC262D7415C8074C0093134C /* SecondViewController.h */ = {isa = PBXFileReference; lastKnownFileType = sourcecode.c.h; path = SecondViewController.h; sourceTree = "<group>"; };
		AC262D7515C8074C0093134C /* SecondViewController.m */ = {isa = PBXFileReference; lastKnownFileType = sourcecode.c.objc; path = SecondViewController.m; sourceTree = "<group>"; };
		AC262D7715C8074C0093134C /* second.png */ = {isa = PBXFileReference; lastKnownFileType = image.png; path = second.png; sourceTree = "<group>"; };
		AC262D7915C8074C0093134C /* second@2x.png */ = {isa = PBXFileReference; lastKnownFileType = image.png; path = "second@2x.png"; sourceTree = "<group>"; };
		AC262D8015C8074D0093134C /* dragAndDropTestTests.octest */ = {isa = PBXFileReference; explicitFileType = wrapper.cfbundle; includeInIndex = 0; path = dragAndDropTestTests.octest; sourceTree = BUILT_PRODUCTS_DIR; };
		AC262D8115C8074D0093134C /* SenTestingKit.framework */ = {isa = PBXFileReference; lastKnownFileType = wrapper.framework; name = SenTestingKit.framework; path = Library/Frameworks/SenTestingKit.framework; sourceTree = DEVELOPER_DIR; };
		AC262D8915C8074D0093134C /* dragAndDropTestTests-Info.plist */ = {isa = PBXFileReference; lastKnownFileType = text.plist.xml; path = "dragAndDropTestTests-Info.plist"; sourceTree = "<group>"; };
		AC262D8B15C8074D0093134C /* en */ = {isa = PBXFileReference; lastKnownFileType = text.plist.strings; name = en; path = en.lproj/InfoPlist.strings; sourceTree = "<group>"; };
		AC262D8D15C8074D0093134C /* dragAndDropTestTests.h */ = {isa = PBXFileReference; lastKnownFileType = sourcecode.c.h; path = dragAndDropTestTests.h; sourceTree = "<group>"; };
		AC262D8E15C8074D0093134C /* dragAndDropTestTests.m */ = {isa = PBXFileReference; lastKnownFileType = sourcecode.c.objc; path = dragAndDropTestTests.m; sourceTree = "<group>"; };
		AC262D9915C80BD70093134C /* DragDropManager.h */ = {isa = PBXFileReference; fileEncoding = 4; lastKnownFileType = sourcecode.c.h; path = DragDropManager.h; sourceTree = "<group>"; };
		AC262D9A15C80BD70093134C /* DragDropManager.m */ = {isa = PBXFileReference; fileEncoding = 4; lastKnownFileType = sourcecode.c.objc; path = DragDropManager.m; sourceTree = "<group>"; };
		AC262D9C15C80D180093134C /* DragContext.h */ = {isa = PBXFileReference; fileEncoding = 4; lastKnownFileType = sourcecode.c.h; path = DragContext.h; sourceTree = "<group>"; };
		AC262D9D15C80D180093134C /* DragContext.m */ = {isa = PBXFileReference; fileEncoding = 4; lastKnownFileType = sourcecode.c.objc; path = DragContext.m; sourceTree = "<group>"; };
		AC262D9F15C814B60093134C /* NSArray+Indexing.h */ = {isa = PBXFileReference; fileEncoding = 4; lastKnownFileType = sourcecode.c.h; path = "NSArray+Indexing.h"; sourceTree = "<group>"; };
		AC262DA015C814B60093134C /* NSArray+Indexing.m */ = {isa = PBXFileReference; fileEncoding = 4; lastKnownFileType = sourcecode.c.objc; path = "NSArray+Indexing.m"; sourceTree = "<group>"; };
		AC393BEF15CFE1D40043D2AB /* UIScrollViewDelegate.h */ = {isa = PBXFileReference; fileEncoding = 4; lastKnownFileType = sourcecode.c.h; path = UIScrollViewDelegate.h; sourceTree = "<group>"; };
		AC393BF015CFE1D40043D2AB /* UIScrollViewDelegate.m */ = {isa = PBXFileReference; fileEncoding = 4; lastKnownFileType = sourcecode.c.objc; path = UIScrollViewDelegate.m; sourceTree = "<group>"; };
		AC6E630D15D3FB3400CB309C /* ThirdViewController.h */ = {isa = PBXFileReference; fileEncoding = 4; lastKnownFileType = sourcecode.c.h; path = ThirdViewController.h; sourceTree = "<group>"; };
		AC6E630E15D3FB3400CB309C /* ThirdViewController.m */ = {isa = PBXFileReference; fileEncoding = 4; lastKnownFileType = sourcecode.c.objc; path = ThirdViewController.m; sourceTree = "<group>"; };
		AC6E631115D3FEF100CB309C /* DragDropManager2.h */ = {isa = PBXFileReference; fileEncoding = 4; lastKnownFileType = sourcecode.c.h; path = DragDropManager2.h; sourceTree = "<group>"; };
		AC6E631215D3FEF100CB309C /* DragDropManager2.m */ = {isa = PBXFileReference; fileEncoding = 4; lastKnownFileType = sourcecode.c.objc; path = DragDropManager2.m; sourceTree = "<group>"; };
		AC7DC3A215D6B0B600FAFB67 /* pngTest.png */ = {isa = PBXFileReference; lastKnownFileType = image.png; path = pngTest.png; sourceTree = "<group>"; };
		AC9722E215D6F91E009651E2 /* CGPathAdditions.h */ = {isa = PBXFileReference; fileEncoding = 4; lastKnownFileType = sourcecode.c.h; path = CGPathAdditions.h; sourceTree = "<group>"; };
		AC9722E315D6F91E009651E2 /* CGPathAdditions.m */ = {isa = PBXFileReference; fileEncoding = 4; lastKnownFileType = sourcecode.c.objc; path = CGPathAdditions.m; sourceTree = "<group>"; };
		AC9722E515D6F91E009651E2 /* SVGGradientElement.h */ = {isa = PBXFileReference; fileEncoding = 4; lastKnownFileType = sourcecode.c.h; path = SVGGradientElement.h; sourceTree = "<group>"; };
		AC9722E615D6F91E009651E2 /* SVGGradientElement.m */ = {isa = PBXFileReference; fileEncoding = 4; lastKnownFileType = sourcecode.c.objc; path = SVGGradientElement.m; sourceTree = "<group>"; };
		AC9722E715D6F91E009651E2 /* SVGGradientStop.h */ = {isa = PBXFileReference; fileEncoding = 4; lastKnownFileType = sourcecode.c.h; path = SVGGradientStop.h; sourceTree = "<group>"; };
		AC9722E815D6F91E009651E2 /* SVGGradientStop.m */ = {isa = PBXFileReference; fileEncoding = 4; lastKnownFileType = sourcecode.c.objc; path = SVGGradientStop.m; sourceTree = "<group>"; };
		AC9722E915D6F91E009651E2 /* SVGStyleCatcher.h */ = {isa = PBXFileReference; fileEncoding = 4; lastKnownFileType = sourcecode.c.h; path = SVGStyleCatcher.h; sourceTree = "<group>"; };
		AC9722EA15D6F91E009651E2 /* SVGStyleElement.h */ = {isa = PBXFileReference; fileEncoding = 4; lastKnownFileType = sourcecode.c.h; path = SVGStyleElement.h; sourceTree = "<group>"; };
		AC9722EB15D6F91E009651E2 /* SVGStyleElement.m */ = {isa = PBXFileReference; fileEncoding = 4; lastKnownFileType = sourcecode.c.objc; path = SVGStyleElement.m; sourceTree = "<group>"; };
		AC9722ED15D6F91E009651E2 /* SVGParserGradient.h */ = {isa = PBXFileReference; fileEncoding = 4; lastKnownFileType = sourcecode.c.h; path = SVGParserGradient.h; sourceTree = "<group>"; };
		AC9722EE15D6F91E009651E2 /* SVGParserGradient.m */ = {isa = PBXFileReference; fileEncoding = 4; lastKnownFileType = sourcecode.c.objc; path = SVGParserGradient.m; sourceTree = "<group>"; };
		AC9722EF15D6F91E009651E2 /* SVGParserStyles.h */ = {isa = PBXFileReference; fileEncoding = 4; lastKnownFileType = sourcecode.c.h; path = SVGParserStyles.h; sourceTree = "<group>"; };
		AC9722F015D6F91E009651E2 /* SVGParserStyles.m */ = {isa = PBXFileReference; fileEncoding = 4; lastKnownFileType = sourcecode.c.objc; path = SVGParserStyles.m; sourceTree = "<group>"; };
		AC9722F115D6F91E009651E2 /* SVGCircleElement.h */ = {isa = PBXFileReference; fileEncoding = 4; lastKnownFileType = sourcecode.c.h; path = SVGCircleElement.h; sourceTree = "<group>"; };
		AC9722F215D6F91E009651E2 /* SVGCircleElement.m */ = {isa = PBXFileReference; fileEncoding = 4; lastKnownFileType = sourcecode.c.objc; path = SVGCircleElement.m; sourceTree = "<group>"; };
		AC9722F315D6F91E009651E2 /* SVGDefsElement.h */ = {isa = PBXFileReference; fileEncoding = 4; lastKnownFileType = sourcecode.c.h; path = SVGDefsElement.h; sourceTree = "<group>"; };
		AC9722F415D6F91E009651E2 /* SVGDefsElement.m */ = {isa = PBXFileReference; fileEncoding = 4; lastKnownFileType = sourcecode.c.objc; path = SVGDefsElement.m; sourceTree = "<group>"; };
		AC9722F515D6F91E009651E2 /* SVGDescriptionElement.h */ = {isa = PBXFileReference; fileEncoding = 4; lastKnownFileType = sourcecode.c.h; path = SVGDescriptionElement.h; sourceTree = "<group>"; };
		AC9722F615D6F91E009651E2 /* SVGDescriptionElement.m */ = {isa = PBXFileReference; fileEncoding = 4; lastKnownFileType = sourcecode.c.objc; path = SVGDescriptionElement.m; sourceTree = "<group>"; };
		AC9722F715D6F91E009651E2 /* SVGDocument+CA.h */ = {isa = PBXFileReference; fileEncoding = 4; lastKnownFileType = sourcecode.c.h; path = "SVGDocument+CA.h"; sourceTree = "<group>"; };
		AC9722F815D6F91E009651E2 /* SVGDocument+CA.m */ = {isa = PBXFileReference; fileEncoding = 4; lastKnownFileType = sourcecode.c.objc; path = "SVGDocument+CA.m"; sourceTree = "<group>"; };
		AC9722F915D6F91E009651E2 /* SVGDocument.h */ = {isa = PBXFileReference; fileEncoding = 4; lastKnownFileType = sourcecode.c.h; path = SVGDocument.h; sourceTree = "<group>"; };
		AC9722FA15D6F91E009651E2 /* SVGDocument.m */ = {isa = PBXFileReference; fileEncoding = 4; lastKnownFileType = sourcecode.c.objc; path = SVGDocument.m; sourceTree = "<group>"; };
		AC9722FB15D6F91E009651E2 /* SVGElement+Private.h */ = {isa = PBXFileReference; fileEncoding = 4; lastKnownFileType = sourcecode.c.h; path = "SVGElement+Private.h"; sourceTree = "<group>"; };
		AC9722FC15D6F91E009651E2 /* SVGElement.h */ = {isa = PBXFileReference; fileEncoding = 4; lastKnownFileType = sourcecode.c.h; path = SVGElement.h; sourceTree = "<group>"; };
		AC9722FD15D6F91E009651E2 /* SVGElement.m */ = {isa = PBXFileReference; fileEncoding = 4; lastKnownFileType = sourcecode.c.objc; path = SVGElement.m; sourceTree = "<group>"; };
		AC9722FE15D6F91E009651E2 /* SVGEllipseElement.h */ = {isa = PBXFileReference; fileEncoding = 4; lastKnownFileType = sourcecode.c.h; path = SVGEllipseElement.h; sourceTree = "<group>"; };
		AC9722FF15D6F91E009651E2 /* SVGEllipseElement.m */ = {isa = PBXFileReference; fileEncoding = 4; lastKnownFileType = sourcecode.c.objc; path = SVGEllipseElement.m; sourceTree = "<group>"; };
		AC97230015D6F91E009651E2 /* SVGGroupElement.h */ = {isa = PBXFileReference; fileEncoding = 4; lastKnownFileType = sourcecode.c.h; path = SVGGroupElement.h; sourceTree = "<group>"; };
		AC97230115D6F91E009651E2 /* SVGGroupElement.m */ = {isa = PBXFileReference; fileEncoding = 4; lastKnownFileType = sourcecode.c.objc; path = SVGGroupElement.m; sourceTree = "<group>"; };
		AC97230215D6F91E009651E2 /* SVGImageElement.h */ = {isa = PBXFileReference; fileEncoding = 4; lastKnownFileType = sourcecode.c.h; path = SVGImageElement.h; sourceTree = "<group>"; };
		AC97230315D6F91E009651E2 /* SVGImageElement.m */ = {isa = PBXFileReference; fileEncoding = 4; lastKnownFileType = sourcecode.c.objc; path = SVGImageElement.m; sourceTree = "<group>"; };
		AC97230415D6F91E009651E2 /* SVGKit.h */ = {isa = PBXFileReference; fileEncoding = 4; lastKnownFileType = sourcecode.c.h; path = SVGKit.h; sourceTree = "<group>"; };
		AC97230515D6F91E009651E2 /* SVGKitDebug.h */ = {isa = PBXFileReference; fileEncoding = 4; lastKnownFileType = sourcecode.c.h; path = SVGKitDebug.h; sourceTree = "<group>"; };
		AC97230615D6F91E009651E2 /* SVGLineElement.h */ = {isa = PBXFileReference; fileEncoding = 4; lastKnownFileType = sourcecode.c.h; path = SVGLineElement.h; sourceTree = "<group>"; };
		AC97230715D6F91E009651E2 /* SVGLineElement.m */ = {isa = PBXFileReference; fileEncoding = 4; lastKnownFileType = sourcecode.c.objc; path = SVGLineElement.m; sourceTree = "<group>"; };
		AC97230815D6F91E009651E2 /* SVGParser.h */ = {isa = PBXFileReference; fileEncoding = 4; lastKnownFileType = sourcecode.c.h; path = SVGParser.h; sourceTree = "<group>"; };
		AC97230915D6F91E009651E2 /* SVGParser.m */ = {isa = PBXFileReference; fileEncoding = 4; lastKnownFileType = sourcecode.c.objc; path = SVGParser.m; sourceTree = "<group>"; };
		AC97230A15D6F91E009651E2 /* SVGParserSVG.h */ = {isa = PBXFileReference; fileEncoding = 4; lastKnownFileType = sourcecode.c.h; path = SVGParserSVG.h; sourceTree = "<group>"; };
		AC97230B15D6F91E009651E2 /* SVGParserSVG.m */ = {isa = PBXFileReference; fileEncoding = 4; lastKnownFileType = sourcecode.c.objc; path = SVGParserSVG.m; sourceTree = "<group>"; };
		AC97230C15D6F91E009651E2 /* SVGPathElement.h */ = {isa = PBXFileReference; fileEncoding = 4; lastKnownFileType = sourcecode.c.h; path = SVGPathElement.h; sourceTree = "<group>"; };
		AC97230D15D6F91E009651E2 /* SVGPathElement.m */ = {isa = PBXFileReference; fileEncoding = 4; lastKnownFileType = sourcecode.c.objc; path = SVGPathElement.m; sourceTree = "<group>"; };
		AC97230E15D6F91E009651E2 /* SVGPattern.h */ = {isa = PBXFileReference; fileEncoding = 4; lastKnownFileType = sourcecode.c.h; path = SVGPattern.h; sourceTree = "<group>"; };
		AC97230F15D6F91E009651E2 /* SVGPattern.m */ = {isa = PBXFileReference; fileEncoding = 4; lastKnownFileType = sourcecode.c.objc; path = SVGPattern.m; sourceTree = "<group>"; };
		AC97231015D6F91E009651E2 /* SVGPointsAndPathsParser.h */ = {isa = PBXFileReference; fileEncoding = 4; lastKnownFileType = sourcecode.c.h; path = SVGPointsAndPathsParser.h; sourceTree = "<group>"; };
		AC97231115D6F91E009651E2 /* SVGPointsAndPathsParser.m */ = {isa = PBXFileReference; fileEncoding = 4; lastKnownFileType = sourcecode.c.objc; path = SVGPointsAndPathsParser.m; sourceTree = "<group>"; };
		AC97231215D6F91E009651E2 /* SVGPolygonElement.h */ = {isa = PBXFileReference; fileEncoding = 4; lastKnownFileType = sourcecode.c.h; path = SVGPolygonElement.h; sourceTree = "<group>"; };
		AC97231315D6F91E009651E2 /* SVGPolygonElement.m */ = {isa = PBXFileReference; fileEncoding = 4; lastKnownFileType = sourcecode.c.objc; path = SVGPolygonElement.m; sourceTree = "<group>"; };
		AC97231415D6F91E009651E2 /* SVGPolylineElement.h */ = {isa = PBXFileReference; fileEncoding = 4; lastKnownFileType = sourcecode.c.h; path = SVGPolylineElement.h; sourceTree = "<group>"; };
		AC97231515D6F91E009651E2 /* SVGPolylineElement.m */ = {isa = PBXFileReference; fileEncoding = 4; lastKnownFileType = sourcecode.c.objc; path = SVGPolylineElement.m; sourceTree = "<group>"; };
		AC97231615D6F91E009651E2 /* SVGRectElement.h */ = {isa = PBXFileReference; fileEncoding = 4; lastKnownFileType = sourcecode.c.h; path = SVGRectElement.h; sourceTree = "<group>"; };
		AC97231715D6F91E009651E2 /* SVGRectElement.m */ = {isa = PBXFileReference; fileEncoding = 4; lastKnownFileType = sourcecode.c.objc; path = SVGRectElement.m; sourceTree = "<group>"; };
		AC97231815D6F91E009651E2 /* SVGShapeElement+Private.h */ = {isa = PBXFileReference; fileEncoding = 4; lastKnownFileType = sourcecode.c.h; path = "SVGShapeElement+Private.h"; sourceTree = "<group>"; };
		AC97231915D6F91E009651E2 /* SVGShapeElement.h */ = {isa = PBXFileReference; fileEncoding = 4; lastKnownFileType = sourcecode.c.h; path = SVGShapeElement.h; sourceTree = "<group>"; };
		AC97231A15D6F91E009651E2 /* SVGShapeElement.m */ = {isa = PBXFileReference; fileEncoding = 4; lastKnownFileType = sourcecode.c.objc; path = SVGShapeElement.m; sourceTree = "<group>"; };
		AC97231B15D6F91E009651E2 /* SVGTextElement.h */ = {isa = PBXFileReference; fileEncoding = 4; lastKnownFileType = sourcecode.c.h; path = SVGTextElement.h; sourceTree = "<group>"; };
		AC97231C15D6F91E009651E2 /* SVGTextElement.m */ = {isa = PBXFileReference; fileEncoding = 4; lastKnownFileType = sourcecode.c.objc; path = SVGTextElement.m; sourceTree = "<group>"; };
		AC97231D15D6F91E009651E2 /* SVGTitleElement.h */ = {isa = PBXFileReference; fileEncoding = 4; lastKnownFileType = sourcecode.c.h; path = SVGTitleElement.h; sourceTree = "<group>"; };
		AC97231E15D6F91E009651E2 /* SVGTitleElement.m */ = {isa = PBXFileReference; fileEncoding = 4; lastKnownFileType = sourcecode.c.objc; path = SVGTitleElement.m; sourceTree = "<group>"; };
		AC97231F15D6F91E009651E2 /* SVGUtils.h */ = {isa = PBXFileReference; fileEncoding = 4; lastKnownFileType = sourcecode.c.h; path = SVGUtils.h; sourceTree = "<group>"; };
		AC97232015D6F91E009651E2 /* SVGUtils.m */ = {isa = PBXFileReference; fileEncoding = 4; lastKnownFileType = sourcecode.c.objc; path = SVGUtils.m; sourceTree = "<group>"; };
		AC97232215D6F91E009651E2 /* CALayerWithChildHitTest.h */ = {isa = PBXFileReference; fileEncoding = 4; lastKnownFileType = sourcecode.c.h; path = CALayerWithChildHitTest.h; sourceTree = "<group>"; };
		AC97232315D6F91E009651E2 /* CALayerWithChildHitTest.m */ = {isa = PBXFileReference; fileEncoding = 4; lastKnownFileType = sourcecode.c.objc; path = CALayerWithChildHitTest.m; sourceTree = "<group>"; };
		AC97232415D6F91E009651E2 /* CAShapeLayerWithHitTest.h */ = {isa = PBXFileReference; fileEncoding = 4; lastKnownFileType = sourcecode.c.h; path = CAShapeLayerWithHitTest.h; sourceTree = "<group>"; };
		AC97232515D6F91E009651E2 /* CAShapeLayerWithHitTest.m */ = {isa = PBXFileReference; fileEncoding = 4; lastKnownFileType = sourcecode.c.objc; path = CAShapeLayerWithHitTest.m; sourceTree = "<group>"; };
		AC97232615D6F91E009651E2 /* SVGDocumentView.h */ = {isa = PBXFileReference; fileEncoding = 4; lastKnownFileType = sourcecode.c.h; path = SVGDocumentView.h; sourceTree = "<group>"; };
		AC97232715D6F91E009651E2 /* SVGDocumentView.m */ = {isa = PBXFileReference; fileEncoding = 4; lastKnownFileType = sourcecode.c.objc; path = SVGDocumentView.m; sourceTree = "<group>"; };
		AC97232815D6F91E009651E2 /* SVGPathView.h */ = {isa = PBXFileReference; fileEncoding = 4; lastKnownFileType = sourcecode.c.h; path = SVGPathView.h; sourceTree = "<group>"; };
		AC97232915D6F91E009651E2 /* SVGPathView.m */ = {isa = PBXFileReference; fileEncoding = 4; lastKnownFileType = sourcecode.c.objc; path = SVGPathView.m; sourceTree = "<group>"; };
		AC97232A15D6F91E009651E2 /* SVGView.h */ = {isa = PBXFileReference; fileEncoding = 4; lastKnownFileType = sourcecode.c.h; path = SVGView.h; sourceTree = "<group>"; };
		AC97232B15D6F91E009651E2 /* SVGView.m */ = {isa = PBXFileReference; fileEncoding = 4; lastKnownFileType = sourcecode.c.objc; path = SVGView.m; sourceTree = "<group>"; };
		AC9723D315D6FA7E009651E2 /* libxml2.dylib */ = {isa = PBXFileReference; lastKnownFileType = "compiled.mach-o.dylib"; name = libxml2.dylib; path = usr/lib/libxml2.dylib; sourceTree = SDKROOT; };
		AC9723D515D6FABE009651E2 /* QuartzCore.framework */ = {isa = PBXFileReference; lastKnownFileType = wrapper.framework; name = QuartzCore.framework; path = System/Library/Frameworks/QuartzCore.framework; sourceTree = SDKROOT; };
		AC9723D715D6FD23009651E2 /* svgTest.svg */ = {isa = PBXFileReference; fileEncoding = 4; lastKnownFileType = text.xml; path = svgTest.svg; sourceTree = "<group>"; };
		AC9723DD15D70136009651E2 /* svgTest_k.svg */ = {isa = PBXFileReference; fileEncoding = 4; lastKnownFileType = text.xml; path = svgTest_k.svg; sourceTree = "<group>"; };
/* End PBXFileReference section */

/* Begin PBXFrameworksBuildPhase section */
		AC262D4E15C8074C0093134C /* Frameworks */ = {
			isa = PBXFrameworksBuildPhase;
			buildActionMask = 2147483647;
			files = (
				AC9723D615D6FABE009651E2 /* QuartzCore.framework in Frameworks */,
				AC9723D415D6FA7E009651E2 /* libxml2.dylib in Frameworks */,
				AC262D5615C8074C0093134C /* UIKit.framework in Frameworks */,
				AC262D5815C8074C0093134C /* Foundation.framework in Frameworks */,
				AC262D5A15C8074C0093134C /* CoreGraphics.framework in Frameworks */,
			);
			runOnlyForDeploymentPostprocessing = 0;
		};
		AC262D7C15C8074D0093134C /* Frameworks */ = {
			isa = PBXFrameworksBuildPhase;
			buildActionMask = 2147483647;
			files = (
				AC262D8215C8074D0093134C /* SenTestingKit.framework in Frameworks */,
				AC262D8315C8074D0093134C /* UIKit.framework in Frameworks */,
				AC262D8415C8074D0093134C /* Foundation.framework in Frameworks */,
			);
			runOnlyForDeploymentPostprocessing = 0;
		};
/* End PBXFrameworksBuildPhase section */

/* Begin PBXGroup section */
		AC262D4615C8074C0093134C = {
			isa = PBXGroup;
			children = (
				AC262D5B15C8074C0093134C /* dragAndDropTest */,
				AC262D8715C8074D0093134C /* dragAndDropTestTests */,
				AC262D9815C807740093134C /* Resources */,
				AC262D5415C8074C0093134C /* Frameworks */,
				AC262D5215C8074C0093134C /* Products */,
			);
			sourceTree = "<group>";
		};
		AC262D5215C8074C0093134C /* Products */ = {
			isa = PBXGroup;
			children = (
				AC262D5115C8074C0093134C /* dragAndDropTest.app */,
				AC262D8015C8074D0093134C /* dragAndDropTestTests.octest */,
			);
			name = Products;
			sourceTree = "<group>";
		};
		AC262D5415C8074C0093134C /* Frameworks */ = {
			isa = PBXGroup;
			children = (
				AC9722D615D6F91E009651E2 /* SVGKit */,
				AC9723D315D6FA7E009651E2 /* libxml2.dylib */,
				AC9723D515D6FABE009651E2 /* QuartzCore.framework */,
				AC262D5515C8074C0093134C /* UIKit.framework */,
				AC262D5715C8074C0093134C /* Foundation.framework */,
				AC262D5915C8074C0093134C /* CoreGraphics.framework */,
				AC262D8115C8074D0093134C /* SenTestingKit.framework */,
			);
			name = Frameworks;
			sourceTree = "<group>";
		};
		AC262D5B15C8074C0093134C /* dragAndDropTest */ = {
			isa = PBXGroup;
			children = (
				AC262D6415C8074C0093134C /* AppDelegate.h */,
				AC262D6515C8074C0093134C /* AppDelegate.m */,
				AC262D6715C8074C0093134C /* MainStoryboard_iPhone.storyboard */,
				AC262D6A15C8074C0093134C /* MainStoryboard_iPad.storyboard */,
				AC262D6D15C8074C0093134C /* FirstViewController.h */,
				AC262D6E15C8074C0093134C /* FirstViewController.m */,
				AC262D9915C80BD70093134C /* DragDropManager.h */,
				AC262D9A15C80BD70093134C /* DragDropManager.m */,
				AC262D9C15C80D180093134C /* DragContext.h */,
				AC262D9D15C80D180093134C /* DragContext.m */,
				AC262D7415C8074C0093134C /* SecondViewController.h */,
				AC262D7515C8074C0093134C /* SecondViewController.m */,
				AC393BEF15CFE1D40043D2AB /* UIScrollViewDelegate.h */,
				AC393BF015CFE1D40043D2AB /* UIScrollViewDelegate.m */,
				AC6E630D15D3FB3400CB309C /* ThirdViewController.h */,
				AC6E630E15D3FB3400CB309C /* ThirdViewController.m */,
				AC6E631115D3FEF100CB309C /* DragDropManager2.h */,
				AC6E631215D3FEF100CB309C /* DragDropManager2.m */,
				AC262D9F15C814B60093134C /* NSArray+Indexing.h */,
				AC262DA015C814B60093134C /* NSArray+Indexing.m */,
				AC262D5C15C8074C0093134C /* Supporting Files */,
			);
			path = dragAndDropTest;
			sourceTree = "<group>";
		};
		AC262D5C15C8074C0093134C /* Supporting Files */ = {
			isa = PBXGroup;
			children = (
				AC262D5D15C8074C0093134C /* dragAndDropTest-Info.plist */,
				AC262D5E15C8074C0093134C /* InfoPlist.strings */,
				AC262D6115C8074C0093134C /* main.m */,
				AC262D6315C8074C0093134C /* dragAndDropTest-Prefix.pch */,
			);
			name = "Supporting Files";
			sourceTree = "<group>";
		};
		AC262D8715C8074D0093134C /* dragAndDropTestTests */ = {
			isa = PBXGroup;
			children = (
				AC262D8D15C8074D0093134C /* dragAndDropTestTests.h */,
				AC262D8E15C8074D0093134C /* dragAndDropTestTests.m */,
				AC262D8815C8074D0093134C /* Supporting Files */,
			);
			path = dragAndDropTestTests;
			sourceTree = "<group>";
		};
		AC262D8815C8074D0093134C /* Supporting Files */ = {
			isa = PBXGroup;
			children = (
				AC262D8915C8074D0093134C /* dragAndDropTestTests-Info.plist */,
				AC262D8A15C8074D0093134C /* InfoPlist.strings */,
			);
			name = "Supporting Files";
			sourceTree = "<group>";
		};
		AC262D9815C807740093134C /* Resources */ = {
			isa = PBXGroup;
			children = (
				AC262D7015C8074C0093134C /* first.png */,
				AC262D7215C8074C0093134C /* first@2x.png */,
				AC262D7715C8074C0093134C /* second.png */,
				AC262D7915C8074C0093134C /* second@2x.png */,
				AC7DC3A215D6B0B600FAFB67 /* pngTest.png */,
				AC9723D715D6FD23009651E2 /* svgTest.svg */,
				AC9723DD15D70136009651E2 /* svgTest_k.svg */,
			);
			name = Resources;
			path = dragAndDropTest;
			sourceTree = "<group>";
		};
		AC9722D615D6F91E009651E2 /* SVGKit */ = {
			isa = PBXGroup;
			children = (
				AC9722E115D6F91E009651E2 /* Core */,
				AC97232115D6F91E009651E2 /* iOS */,
			);
			name = SVGKit;
			path = ../../FRAMEWORKS/repo/SVGKit;
			sourceTree = "<group>";
		};
		AC9722E115D6F91E009651E2 /* Core */ = {
			isa = PBXGroup;
			children = (
				AC9722E215D6F91E009651E2 /* CGPathAdditions.h */,
				AC9722E315D6F91E009651E2 /* CGPathAdditions.m */,
				AC9722E415D6F91E009651E2 /* Elements */,
				AC9722EC15D6F91E009651E2 /* ParserExtentions */,
				AC9722F115D6F91E009651E2 /* SVGCircleElement.h */,
				AC9722F215D6F91E009651E2 /* SVGCircleElement.m */,
				AC9722F315D6F91E009651E2 /* SVGDefsElement.h */,
				AC9722F415D6F91E009651E2 /* SVGDefsElement.m */,
				AC9722F515D6F91E009651E2 /* SVGDescriptionElement.h */,
				AC9722F615D6F91E009651E2 /* SVGDescriptionElement.m */,
				AC9722F715D6F91E009651E2 /* SVGDocument+CA.h */,
				AC9722F815D6F91E009651E2 /* SVGDocument+CA.m */,
				AC9722F915D6F91E009651E2 /* SVGDocument.h */,
				AC9722FA15D6F91E009651E2 /* SVGDocument.m */,
				AC9722FB15D6F91E009651E2 /* SVGElement+Private.h */,
				AC9722FC15D6F91E009651E2 /* SVGElement.h */,
				AC9722FD15D6F91E009651E2 /* SVGElement.m */,
				AC9722FE15D6F91E009651E2 /* SVGEllipseElement.h */,
				AC9722FF15D6F91E009651E2 /* SVGEllipseElement.m */,
				AC97230015D6F91E009651E2 /* SVGGroupElement.h */,
				AC97230115D6F91E009651E2 /* SVGGroupElement.m */,
				AC97230215D6F91E009651E2 /* SVGImageElement.h */,
				AC97230315D6F91E009651E2 /* SVGImageElement.m */,
				AC97230415D6F91E009651E2 /* SVGKit.h */,
				AC97230515D6F91E009651E2 /* SVGKitDebug.h */,
				AC97230615D6F91E009651E2 /* SVGLineElement.h */,
				AC97230715D6F91E009651E2 /* SVGLineElement.m */,
				AC97230815D6F91E009651E2 /* SVGParser.h */,
				AC97230915D6F91E009651E2 /* SVGParser.m */,
				AC97230A15D6F91E009651E2 /* SVGParserSVG.h */,
				AC97230B15D6F91E009651E2 /* SVGParserSVG.m */,
				AC97230C15D6F91E009651E2 /* SVGPathElement.h */,
				AC97230D15D6F91E009651E2 /* SVGPathElement.m */,
				AC97230E15D6F91E009651E2 /* SVGPattern.h */,
				AC97230F15D6F91E009651E2 /* SVGPattern.m */,
				AC97231015D6F91E009651E2 /* SVGPointsAndPathsParser.h */,
				AC97231115D6F91E009651E2 /* SVGPointsAndPathsParser.m */,
				AC97231215D6F91E009651E2 /* SVGPolygonElement.h */,
				AC97231315D6F91E009651E2 /* SVGPolygonElement.m */,
				AC97231415D6F91E009651E2 /* SVGPolylineElement.h */,
				AC97231515D6F91E009651E2 /* SVGPolylineElement.m */,
				AC97231615D6F91E009651E2 /* SVGRectElement.h */,
				AC97231715D6F91E009651E2 /* SVGRectElement.m */,
				AC97231815D6F91E009651E2 /* SVGShapeElement+Private.h */,
				AC97231915D6F91E009651E2 /* SVGShapeElement.h */,
				AC97231A15D6F91E009651E2 /* SVGShapeElement.m */,
				AC97231B15D6F91E009651E2 /* SVGTextElement.h */,
				AC97231C15D6F91E009651E2 /* SVGTextElement.m */,
				AC97231D15D6F91E009651E2 /* SVGTitleElement.h */,
				AC97231E15D6F91E009651E2 /* SVGTitleElement.m */,
				AC97231F15D6F91E009651E2 /* SVGUtils.h */,
				AC97232015D6F91E009651E2 /* SVGUtils.m */,
			);
			path = Core;
			sourceTree = "<group>";
		};
		AC9722E415D6F91E009651E2 /* Elements */ = {
			isa = PBXGroup;
			children = (
				AC9722E515D6F91E009651E2 /* SVGGradientElement.h */,
				AC9722E615D6F91E009651E2 /* SVGGradientElement.m */,
				AC9722E715D6F91E009651E2 /* SVGGradientStop.h */,
				AC9722E815D6F91E009651E2 /* SVGGradientStop.m */,
				AC9722E915D6F91E009651E2 /* SVGStyleCatcher.h */,
				AC9722EA15D6F91E009651E2 /* SVGStyleElement.h */,
				AC9722EB15D6F91E009651E2 /* SVGStyleElement.m */,
			);
			path = Elements;
			sourceTree = "<group>";
		};
		AC9722EC15D6F91E009651E2 /* ParserExtentions */ = {
			isa = PBXGroup;
			children = (
				AC9722ED15D6F91E009651E2 /* SVGParserGradient.h */,
				AC9722EE15D6F91E009651E2 /* SVGParserGradient.m */,
				AC9722EF15D6F91E009651E2 /* SVGParserStyles.h */,
				AC9722F015D6F91E009651E2 /* SVGParserStyles.m */,
			);
			path = ParserExtentions;
			sourceTree = "<group>";
		};
		AC97232115D6F91E009651E2 /* iOS */ = {
			isa = PBXGroup;
			children = (
				AC97232215D6F91E009651E2 /* CALayerWithChildHitTest.h */,
				AC97232315D6F91E009651E2 /* CALayerWithChildHitTest.m */,
				AC97232415D6F91E009651E2 /* CAShapeLayerWithHitTest.h */,
				AC97232515D6F91E009651E2 /* CAShapeLayerWithHitTest.m */,
				AC97232615D6F91E009651E2 /* SVGDocumentView.h */,
				AC97232715D6F91E009651E2 /* SVGDocumentView.m */,
				AC97232815D6F91E009651E2 /* SVGPathView.h */,
				AC97232915D6F91E009651E2 /* SVGPathView.m */,
				AC97232A15D6F91E009651E2 /* SVGView.h */,
				AC97232B15D6F91E009651E2 /* SVGView.m */,
			);
			path = iOS;
			sourceTree = "<group>";
		};
/* End PBXGroup section */

/* Begin PBXNativeTarget section */
		AC262D5015C8074C0093134C /* dragAndDropTest */ = {
			isa = PBXNativeTarget;
			buildConfigurationList = AC262D9215C8074D0093134C /* Build configuration list for PBXNativeTarget "dragAndDropTest" */;
			buildPhases = (
				AC262D4D15C8074C0093134C /* Sources */,
				AC262D4E15C8074C0093134C /* Frameworks */,
				AC262D4F15C8074C0093134C /* Resources */,
			);
			buildRules = (
			);
			dependencies = (
			);
			name = dragAndDropTest;
			productName = dragAndDropTest;
			productReference = AC262D5115C8074C0093134C /* dragAndDropTest.app */;
			productType = "com.apple.product-type.application";
		};
		AC262D7F15C8074D0093134C /* dragAndDropTestTests */ = {
			isa = PBXNativeTarget;
			buildConfigurationList = AC262D9515C8074D0093134C /* Build configuration list for PBXNativeTarget "dragAndDropTestTests" */;
			buildPhases = (
				AC262D7B15C8074D0093134C /* Sources */,
				AC262D7C15C8074D0093134C /* Frameworks */,
				AC262D7D15C8074D0093134C /* Resources */,
				AC262D7E15C8074D0093134C /* ShellScript */,
			);
			buildRules = (
			);
			dependencies = (
				AC262D8615C8074D0093134C /* PBXTargetDependency */,
			);
			name = dragAndDropTestTests;
			productName = dragAndDropTestTests;
			productReference = AC262D8015C8074D0093134C /* dragAndDropTestTests.octest */;
			productType = "com.apple.product-type.bundle";
		};
/* End PBXNativeTarget section */

/* Begin PBXProject section */
		AC262D4815C8074C0093134C /* Project object */ = {
			isa = PBXProject;
			attributes = {
				LastUpgradeCheck = 0440;
				ORGANIZATIONNAME = "Mario Adrian";
			};
			buildConfigurationList = AC262D4B15C8074C0093134C /* Build configuration list for PBXProject "dragAndDropTest" */;
			compatibilityVersion = "Xcode 3.2";
			developmentRegion = English;
			hasScannedForEncodings = 0;
			knownRegions = (
				en,
			);
			mainGroup = AC262D4615C8074C0093134C;
			productRefGroup = AC262D5215C8074C0093134C /* Products */;
			projectDirPath = "";
			projectRoot = "";
			targets = (
				AC262D5015C8074C0093134C /* dragAndDropTest */,
				AC262D7F15C8074D0093134C /* dragAndDropTestTests */,
			);
		};
/* End PBXProject section */

/* Begin PBXResourcesBuildPhase section */
		AC262D4F15C8074C0093134C /* Resources */ = {
			isa = PBXResourcesBuildPhase;
			buildActionMask = 2147483647;
			files = (
				AC262D6015C8074C0093134C /* InfoPlist.strings in Resources */,
				AC262D6915C8074C0093134C /* MainStoryboard_iPhone.storyboard in Resources */,
				AC262D6C15C8074C0093134C /* MainStoryboard_iPad.storyboard in Resources */,
				AC262D7115C8074C0093134C /* first.png in Resources */,
				AC262D7315C8074C0093134C /* first@2x.png in Resources */,
				AC262D7815C8074C0093134C /* second.png in Resources */,
				AC262D7A15C8074C0093134C /* second@2x.png in Resources */,
				AC7DC3A415D6B0B600FAFB67 /* pngTest.png in Resources */,
				AC9723D815D6FD23009651E2 /* svgTest.svg in Resources */,
				AC9723DE15D70136009651E2 /* svgTest_k.svg in Resources */,
			);
			runOnlyForDeploymentPostprocessing = 0;
		};
		AC262D7D15C8074D0093134C /* Resources */ = {
			isa = PBXResourcesBuildPhase;
			buildActionMask = 2147483647;
			files = (
				AC262D8C15C8074D0093134C /* InfoPlist.strings in Resources */,
			);
			runOnlyForDeploymentPostprocessing = 0;
		};
/* End PBXResourcesBuildPhase section */

/* Begin PBXShellScriptBuildPhase section */
		AC262D7E15C8074D0093134C /* ShellScript */ = {
			isa = PBXShellScriptBuildPhase;
			buildActionMask = 2147483647;
			files = (
			);
			inputPaths = (
			);
			outputPaths = (
			);
			runOnlyForDeploymentPostprocessing = 0;
			shellPath = /bin/sh;
			shellScript = "# Run the unit tests in this test bundle.\n\"${SYSTEM_DEVELOPER_DIR}/Tools/RunUnitTests\"\n";
		};
/* End PBXShellScriptBuildPhase section */

/* Begin PBXSourcesBuildPhase section */
		AC262D4D15C8074C0093134C /* Sources */ = {
			isa = PBXSourcesBuildPhase;
			buildActionMask = 2147483647;
			files = (
				AC262D6215C8074C0093134C /* main.m in Sources */,
				AC262D6615C8074C0093134C /* AppDelegate.m in Sources */,
				AC262D6F15C8074C0093134C /* FirstViewController.m in Sources */,
				AC262D7615C8074C0093134C /* SecondViewController.m in Sources */,
				AC262D9B15C80BD70093134C /* DragDropManager.m in Sources */,
				AC262D9E15C80D180093134C /* DragContext.m in Sources */,
				AC262DA115C814B60093134C /* NSArray+Indexing.m in Sources */,
				AC393BF115CFE1D40043D2AB /* UIScrollViewDelegate.m in Sources */,
				AC6E630F15D3FB3400CB309C /* ThirdViewController.m in Sources */,
				AC6E631315D3FEF100CB309C /* DragDropManager2.m in Sources */,
				AC97237C15D6F91F009651E2 /* CGPathAdditions.m in Sources */,
				AC97237D15D6F91F009651E2 /* SVGGradientElement.m in Sources */,
				AC97237E15D6F91F009651E2 /* SVGGradientStop.m in Sources */,
				AC97237F15D6F91F009651E2 /* SVGStyleElement.m in Sources */,
				AC97238015D6F91F009651E2 /* SVGParserGradient.m in Sources */,
				AC97238115D6F91F009651E2 /* SVGParserStyles.m in Sources */,
				AC97238215D6F91F009651E2 /* SVGCircleElement.m in Sources */,
				AC97238315D6F91F009651E2 /* SVGDefsElement.m in Sources */,
				AC97238415D6F91F009651E2 /* SVGDescriptionElement.m in Sources */,
				AC97238515D6F91F009651E2 /* SVGDocument+CA.m in Sources */,
				AC97238615D6F91F009651E2 /* SVGDocument.m in Sources */,
				AC97238715D6F91F009651E2 /* SVGElement.m in Sources */,
				AC97238815D6F91F009651E2 /* SVGEllipseElement.m in Sources */,
				AC97238915D6F91F009651E2 /* SVGGroupElement.m in Sources */,
				AC97238A15D6F91F009651E2 /* SVGImageElement.m in Sources */,
				AC97238B15D6F91F009651E2 /* SVGLineElement.m in Sources */,
				AC97238C15D6F91F009651E2 /* SVGParser.m in Sources */,
				AC97238D15D6F91F009651E2 /* SVGParserSVG.m in Sources */,
				AC97238E15D6F91F009651E2 /* SVGPathElement.m in Sources */,
				AC97238F15D6F91F009651E2 /* SVGPattern.m in Sources */,
				AC97239015D6F91F009651E2 /* SVGPointsAndPathsParser.m in Sources */,
				AC97239115D6F91F009651E2 /* SVGPolygonElement.m in Sources */,
				AC97239215D6F91F009651E2 /* SVGPolylineElement.m in Sources */,
				AC97239315D6F91F009651E2 /* SVGRectElement.m in Sources */,
				AC97239415D6F91F009651E2 /* SVGShapeElement.m in Sources */,
				AC97239515D6F91F009651E2 /* SVGTextElement.m in Sources */,
				AC97239615D6F91F009651E2 /* SVGTitleElement.m in Sources */,
				AC97239715D6F91F009651E2 /* SVGUtils.m in Sources */,
				AC97239815D6F91F009651E2 /* CALayerWithChildHitTest.m in Sources */,
				AC97239915D6F91F009651E2 /* CAShapeLayerWithHitTest.m in Sources */,
				AC97239A15D6F91F009651E2 /* SVGDocumentView.m in Sources */,
				AC97239B15D6F91F009651E2 /* SVGPathView.m in Sources */,
				AC97239C15D6F91F009651E2 /* SVGView.m in Sources */,
			);
			runOnlyForDeploymentPostprocessing = 0;
		};
		AC262D7B15C8074D0093134C /* Sources */ = {
			isa = PBXSourcesBuildPhase;
			buildActionMask = 2147483647;
			files = (
				AC262D8F15C8074D0093134C /* dragAndDropTestTests.m in Sources */,
			);
			runOnlyForDeploymentPostprocessing = 0;
		};
/* End PBXSourcesBuildPhase section */

/* Begin PBXTargetDependency section */
		AC262D8615C8074D0093134C /* PBXTargetDependency */ = {
			isa = PBXTargetDependency;
			target = AC262D5015C8074C0093134C /* dragAndDropTest */;
			targetProxy = AC262D8515C8074D0093134C /* PBXContainerItemProxy */;
		};
/* End PBXTargetDependency section */

/* Begin PBXVariantGroup section */
		AC262D5E15C8074C0093134C /* InfoPlist.strings */ = {
			isa = PBXVariantGroup;
			children = (
				AC262D5F15C8074C0093134C /* en */,
			);
			name = InfoPlist.strings;
			sourceTree = "<group>";
		};
		AC262D6715C8074C0093134C /* MainStoryboard_iPhone.storyboard */ = {
			isa = PBXVariantGroup;
			children = (
				AC262D6815C8074C0093134C /* en */,
			);
			name = MainStoryboard_iPhone.storyboard;
			sourceTree = "<group>";
		};
		AC262D6A15C8074C0093134C /* MainStoryboard_iPad.storyboard */ = {
			isa = PBXVariantGroup;
			children = (
				AC262D6B15C8074C0093134C /* en */,
			);
			name = MainStoryboard_iPad.storyboard;
			sourceTree = "<group>";
		};
		AC262D8A15C8074D0093134C /* InfoPlist.strings */ = {
			isa = PBXVariantGroup;
			children = (
				AC262D8B15C8074D0093134C /* en */,
			);
			name = InfoPlist.strings;
			sourceTree = "<group>";
		};
/* End PBXVariantGroup section */

/* Begin XCBuildConfiguration section */
		AC262D9015C8074D0093134C /* Debug */ = {
			isa = XCBuildConfiguration;
			buildSettings = {
				ALWAYS_SEARCH_USER_PATHS = NO;
				ARCHS = "$(ARCHS_STANDARD_32_BIT)";
				CLANG_CXX_LANGUAGE_STANDARD = "gnu++0x";
				CLANG_ENABLE_OBJC_ARC = YES;
				CLANG_WARN__DUPLICATE_METHOD_MATCH = YES;
				"CODE_SIGN_IDENTITY[sdk=iphoneos*]" = "iPhone Developer";
				COPY_PHASE_STRIP = NO;
				GCC_C_LANGUAGE_STANDARD = gnu99;
				GCC_DYNAMIC_NO_PIC = NO;
				GCC_OPTIMIZATION_LEVEL = 0;
				GCC_PREPROCESSOR_DEFINITIONS = (
					"DEBUG=1",
					"$(inherited)",
				);
				GCC_SYMBOLS_PRIVATE_EXTERN = NO;
				GCC_VERSION = com.apple.compilers.llvm.clang.1_0;
				GCC_WARN_ABOUT_RETURN_TYPE = YES;
				GCC_WARN_UNINITIALIZED_AUTOS = YES;
				GCC_WARN_UNUSED_VARIABLE = YES;
				IPHONEOS_DEPLOYMENT_TARGET = 5.1;
				SDKROOT = iphoneos;
				TARGETED_DEVICE_FAMILY = "1,2";
			};
			name = Debug;
		};
		AC262D9115C8074D0093134C /* Release */ = {
			isa = XCBuildConfiguration;
			buildSettings = {
				ALWAYS_SEARCH_USER_PATHS = NO;
				ARCHS = "$(ARCHS_STANDARD_32_BIT)";
				CLANG_CXX_LANGUAGE_STANDARD = "gnu++0x";
				CLANG_ENABLE_OBJC_ARC = YES;
				CLANG_WARN__DUPLICATE_METHOD_MATCH = YES;
				"CODE_SIGN_IDENTITY[sdk=iphoneos*]" = "iPhone Developer";
				COPY_PHASE_STRIP = YES;
				GCC_C_LANGUAGE_STANDARD = gnu99;
				GCC_VERSION = com.apple.compilers.llvm.clang.1_0;
				GCC_WARN_ABOUT_RETURN_TYPE = YES;
				GCC_WARN_UNINITIALIZED_AUTOS = YES;
				GCC_WARN_UNUSED_VARIABLE = YES;
				IPHONEOS_DEPLOYMENT_TARGET = 5.1;
				OTHER_CFLAGS = "-DNS_BLOCK_ASSERTIONS=1";
				SDKROOT = iphoneos;
				TARGETED_DEVICE_FAMILY = "1,2";
				VALIDATE_PRODUCT = YES;
			};
			name = Release;
		};
		AC262D9315C8074D0093134C /* Debug */ = {
			isa = XCBuildConfiguration;
			buildSettings = {
				GCC_PRECOMPILE_PREFIX_HEADER = YES;
				GCC_PREFIX_HEADER = "dragAndDropTest/dragAndDropTest-Prefix.pch";
				HEADER_SEARCH_PATHS = /usr/include/libxml2;
				INFOPLIST_FILE = "dragAndDropTest/dragAndDropTest-Info.plist";
				IPHONEOS_DEPLOYMENT_TARGET = 5.1;
				PRODUCT_NAME = "$(TARGET_NAME)";
				TARGETED_DEVICE_FAMILY = 1;
				WRAPPER_EXTENSION = app;
			};
			name = Debug;
		};
		AC262D9415C8074D0093134C /* Release */ = {
			isa = XCBuildConfiguration;
			buildSettings = {
				GCC_PRECOMPILE_PREFIX_HEADER = YES;
				GCC_PREFIX_HEADER = "dragAndDropTest/dragAndDropTest-Prefix.pch";
				HEADER_SEARCH_PATHS = /usr/include/libxml2;
				INFOPLIST_FILE = "dragAndDropTest/dragAndDropTest-Info.plist";
				IPHONEOS_DEPLOYMENT_TARGET = 5.1;
				PRODUCT_NAME = "$(TARGET_NAME)";
				TARGETED_DEVICE_FAMILY = 1;
				WRAPPER_EXTENSION = app;
			};
			name = Release;
		};
		AC262D9615C8074D0093134C /* Debug */ = {
			isa = XCBuildConfiguration;
			buildSettings = {
				BUNDLE_LOADER = "$(BUILT_PRODUCTS_DIR)/dragAndDropTest.app/dragAndDropTest";
				FRAMEWORK_SEARCH_PATHS = (
					"\"$(SDKROOT)/Developer/Library/Frameworks\"",
					"\"$(DEVELOPER_LIBRARY_DIR)/Frameworks\"",
				);
				GCC_PRECOMPILE_PREFIX_HEADER = YES;
				GCC_PREFIX_HEADER = "dragAndDropTest/dragAndDropTest-Prefix.pch";
				INFOPLIST_FILE = "dragAndDropTestTests/dragAndDropTestTests-Info.plist";
				PRODUCT_NAME = "$(TARGET_NAME)";
				TEST_HOST = "$(BUNDLE_LOADER)";
				WRAPPER_EXTENSION = octest;
			};
			name = Debug;
		};
		AC262D9715C8074D0093134C /* Release */ = {
			isa = XCBuildConfiguration;
			buildSettings = {
				BUNDLE_LOADER = "$(BUILT_PRODUCTS_DIR)/dragAndDropTest.app/dragAndDropTest";
				FRAMEWORK_SEARCH_PATHS = (
					"\"$(SDKROOT)/Developer/Library/Frameworks\"",
					"\"$(DEVELOPER_LIBRARY_DIR)/Frameworks\"",
				);
				GCC_PRECOMPILE_PREFIX_HEADER = YES;
				GCC_PREFIX_HEADER = "dragAndDropTest/dragAndDropTest-Prefix.pch";
				INFOPLIST_FILE = "dragAndDropTestTests/dragAndDropTestTests-Info.plist";
				PRODUCT_NAME = "$(TARGET_NAME)";
				TEST_HOST = "$(BUNDLE_LOADER)";
				WRAPPER_EXTENSION = octest;
			};
			name = Release;
		};
/* End XCBuildConfiguration section */

/* Begin XCConfigurationList section */
		AC262D4B15C8074C0093134C /* Build configuration list for PBXProject "dragAndDropTest" */ = {
			isa = XCConfigurationList;
			buildConfigurations = (
				AC262D9015C8074D0093134C /* Debug */,
				AC262D9115C8074D0093134C /* Release */,
			);
			defaultConfigurationIsVisible = 0;
			defaultConfigurationName = Release;
		};
		AC262D9215C8074D0093134C /* Build configuration list for PBXNativeTarget "dragAndDropTest" */ = {
			isa = XCConfigurationList;
			buildConfigurations = (
				AC262D9315C8074D0093134C /* Debug */,
				AC262D9415C8074D0093134C /* Release */,
			);
			defaultConfigurationIsVisible = 0;
			defaultConfigurationName = Release;
		};
		AC262D9515C8074D0093134C /* Build configuration list for PBXNativeTarget "dragAndDropTestTests" */ = {
			isa = XCConfigurationList;
			buildConfigurations = (
				AC262D9615C8074D0093134C /* Debug */,
				AC262D9715C8074D0093134C /* Release */,
			);
			defaultConfigurationIsVisible = 0;
			defaultConfigurationName = Release;
		};
/* End XCConfigurationList section */
	};
	rootObject = AC262D4815C8074C0093134C /* Project object */;
}
